
Microsoft Visual Studio Solution File, Format Version 12.00
# Visual Studio Version 16
VisualStudioVersion = 16.0.31025.194
MinimumVisualStudioVersion = 10.0.40219.1
Project("{FAE04EC0-301F-11D3-BF4B-00C04F79EFBC}") = "BootCamp", "BootCamp\BootCamp.csproj", "{DB047930-3601-413D-B314-67FFF676D9E2}"
EndProject
Global
	GlobalSection(SolutionConfigurationPlatforms) = preSolution
		Debug|Any CPU = Debug|Any CPU
		Release|Any CPU = Release|Any CPU
	EndGlobalSection
	GlobalSection(ProjectConfigurationPlatforms) = postSolution
		{DB047930-3601-413D-B314-67FFF676D9E2}.Debug|Any CPU.ActiveCfg = Debug|Any CPU
		{DB047930-3601-413D-B314-67FFF676D9E2}.Debug|Any CPU.Build.0 = Debug|Any CPU
		{DB047930-3601-413D-B314-67FFF676D9E2}.Release|Any CPU.ActiveCfg = Release|Any CPU
		{DB047930-3601-413D-B314-67FFF676D9E2}.Release|Any CPU.Build.0 = Release|Any CPU
	EndGlobalSection
	GlobalSection(SolutionProperties) = preSolution
		HideSolutionNode = FALSE
	EndGlobalSection
	GlobalSection(ExtensibilityGlobals) = postSolution
		SolutionGuid = {7A76365C-E327-41C6-9C6B-E93AF1D078E9}
	EndGlobalSection
EndGlobal
