
Microsoft Visual Studio Solution File, Format Version 12.00
# Visual Studio Version 16
VisualStudioVersion = 16.0.31025.194
MinimumVisualStudioVersion = 10.0.40219.1
Project("{9A19103F-16F7-4668-BE54-9A1E7A4F7556}") = "OOP", "OOP\OOP.csproj", "{B71BEE1B-0521-48D0-92D3-CDCAE74CB621}"
EndProject
Project("{FAE04EC0-301F-11D3-BF4B-00C04F79EFBC}") = "Aritmetica", "Aritmetica\Aritmetica.csproj", "{8F41D52E-7042-46CB-A71B-F46648E602A1}"
EndProject
Project("{FAE04EC0-301F-11D3-BF4B-00C04F79EFBC}") = "Trigonometria", "Trigonometria\Trigonometria.csproj", "{FFCCBA94-6537-45F0-9CBD-576B29CF9F6E}"
EndProject
Global
	GlobalSection(SolutionConfigurationPlatforms) = preSolution
		Debug|Any CPU = Debug|Any CPU
		Release|Any CPU = Release|Any CPU
	EndGlobalSection
	GlobalSection(ProjectConfigurationPlatforms) = postSolution
		{B71BEE1B-0521-48D0-92D3-CDCAE74CB621}.Debug|Any CPU.ActiveCfg = Debug|Any CPU
		{B71BEE1B-0521-48D0-92D3-CDCAE74CB621}.Debug|Any CPU.Build.0 = Debug|Any CPU
		{B71BEE1B-0521-48D0-92D3-CDCAE74CB621}.Release|Any CPU.ActiveCfg = Release|Any CPU
		{B71BEE1B-0521-48D0-92D3-CDCAE74CB621}.Release|Any CPU.Build.0 = Release|Any CPU
		{8F41D52E-7042-46CB-A71B-F46648E602A1}.Debug|Any CPU.ActiveCfg = Debug|Any CPU
		{8F41D52E-7042-46CB-A71B-F46648E602A1}.Debug|Any CPU.Build.0 = Debug|Any CPU
		{8F41D52E-7042-46CB-A71B-F46648E602A1}.Release|Any CPU.ActiveCfg = Release|Any CPU
		{8F41D52E-7042-46CB-A71B-F46648E602A1}.Release|Any CPU.Build.0 = Release|Any CPU
		{FFCCBA94-6537-45F0-9CBD-576B29CF9F6E}.Debug|Any CPU.ActiveCfg = Debug|Any CPU
		{FFCCBA94-6537-45F0-9CBD-576B29CF9F6E}.Debug|Any CPU.Build.0 = Debug|Any CPU
		{FFCCBA94-6537-45F0-9CBD-576B29CF9F6E}.Release|Any CPU.ActiveCfg = Release|Any CPU
		{FFCCBA94-6537-45F0-9CBD-576B29CF9F6E}.Release|Any CPU.Build.0 = Release|Any CPU
	EndGlobalSection
	GlobalSection(SolutionProperties) = preSolution
		HideSolutionNode = FALSE
	EndGlobalSection
	GlobalSection(ExtensibilityGlobals) = postSolution
		SolutionGuid = {AF36F213-8271-4E7A-A1EB-420EE6633596}
	EndGlobalSection
EndGlobal
