
Microsoft Visual Studio Solution File, Format Version 12.00
# Visual Studio Version 16
VisualStudioVersion = 16.0.31025.194
MinimumVisualStudioVersion = 10.0.40219.1
Project("{FAE04EC0-301F-11D3-BF4B-00C04F79EFBC}") = "ReferenceType", "ReferenceType\ReferenceType.csproj", "{94DDC94B-5B98-4DC8-B5E3-5DFBEA1DBA6E}"
EndProject
Global
	GlobalSection(SolutionConfigurationPlatforms) = preSolution
		Debug|Any CPU = Debug|Any CPU
		Release|Any CPU = Release|Any CPU
	EndGlobalSection
	GlobalSection(ProjectConfigurationPlatforms) = postSolution
		{94DDC94B-5B98-4DC8-B5E3-5DFBEA1DBA6E}.Debug|Any CPU.ActiveCfg = Debug|Any CPU
		{94DDC94B-5B98-4DC8-B5E3-5DFBEA1DBA6E}.Debug|Any CPU.Build.0 = Debug|Any CPU
		{94DDC94B-5B98-4DC8-B5E3-5DFBEA1DBA6E}.Release|Any CPU.ActiveCfg = Release|Any CPU
		{94DDC94B-5B98-4DC8-B5E3-5DFBEA1DBA6E}.Release|Any CPU.Build.0 = Release|Any CPU
	EndGlobalSection
	GlobalSection(SolutionProperties) = preSolution
		HideSolutionNode = FALSE
	EndGlobalSection
	GlobalSection(ExtensibilityGlobals) = postSolution
		SolutionGuid = {0EAAE09C-42F7-4A67-B54A-A9C4B6D3A165}
	EndGlobalSection
EndGlobal
