
Microsoft Visual Studio Solution File, Format Version 12.00
# Visual Studio Version 16
VisualStudioVersion = 16.0.31025.194
MinimumVisualStudioVersion = 10.0.40219.1
Project("{FAE04EC0-301F-11D3-BF4B-00C04F79EFBC}") = "AnonymousTypes", "AnonymousTypes\AnonymousTypes.csproj", "{EF3ABD19-6DD2-4640-B3C5-0C4269DC9DE5}"
EndProject
Global
	GlobalSection(SolutionConfigurationPlatforms) = preSolution
		Debug|Any CPU = Debug|Any CPU
		Release|Any CPU = Release|Any CPU
	EndGlobalSection
	GlobalSection(ProjectConfigurationPlatforms) = postSolution
		{EF3ABD19-6DD2-4640-B3C5-0C4269DC9DE5}.Debug|Any CPU.ActiveCfg = Debug|Any CPU
		{EF3ABD19-6DD2-4640-B3C5-0C4269DC9DE5}.Debug|Any CPU.Build.0 = Debug|Any CPU
		{EF3ABD19-6DD2-4640-B3C5-0C4269DC9DE5}.Release|Any CPU.ActiveCfg = Release|Any CPU
		{EF3ABD19-6DD2-4640-B3C5-0C4269DC9DE5}.Release|Any CPU.Build.0 = Release|Any CPU
	EndGlobalSection
	GlobalSection(SolutionProperties) = preSolution
		HideSolutionNode = FALSE
	EndGlobalSection
	GlobalSection(ExtensibilityGlobals) = postSolution
		SolutionGuid = {1844B5F3-12BC-46E1-828A-4271BB633F7C}
	EndGlobalSection
EndGlobal
