
Microsoft Visual Studio Solution File, Format Version 12.00
# Visual Studio Version 16
VisualStudioVersion = 16.0.31025.194
MinimumVisualStudioVersion = 10.0.40219.1
Project("{FAE04EC0-301F-11D3-BF4B-00C04F79EFBC}") = "SingleResponsability", "SingleResponsability\SingleResponsability.csproj", "{88B0E0E3-AD38-469F-B114-A2B4405F7D03}"
EndProject
Global
	GlobalSection(SolutionConfigurationPlatforms) = preSolution
		Debug|Any CPU = Debug|Any CPU
		Release|Any CPU = Release|Any CPU
	EndGlobalSection
	GlobalSection(ProjectConfigurationPlatforms) = postSolution
		{88B0E0E3-AD38-469F-B114-A2B4405F7D03}.Debug|Any CPU.ActiveCfg = Debug|Any CPU
		{88B0E0E3-AD38-469F-B114-A2B4405F7D03}.Debug|Any CPU.Build.0 = Debug|Any CPU
		{88B0E0E3-AD38-469F-B114-A2B4405F7D03}.Release|Any CPU.ActiveCfg = Release|Any CPU
		{88B0E0E3-AD38-469F-B114-A2B4405F7D03}.Release|Any CPU.Build.0 = Release|Any CPU
	EndGlobalSection
	GlobalSection(SolutionProperties) = preSolution
		HideSolutionNode = FALSE
	EndGlobalSection
	GlobalSection(ExtensibilityGlobals) = postSolution
		SolutionGuid = {6B343878-CC1E-48BE-858E-79C7B5BA4C10}
	EndGlobalSection
EndGlobal
