
Microsoft Visual Studio Solution File, Format Version 12.00
# Visual Studio Version 16
VisualStudioVersion = 16.0.31025.194
MinimumVisualStudioVersion = 10.0.40219.1
Project("{9A19103F-16F7-4668-BE54-9A1E7A4F7556}") = "UserMicroservice", "UserMicroservice\UserMicroservice.csproj", "{62F7960E-8F73-40C8-A5A1-717C43A48222}"
EndProject
Project("{9A19103F-16F7-4668-BE54-9A1E7A4F7556}") = "AttendanceMicroservice", "AttendanceMicroservice\AttendanceMicroservice.csproj", "{C90AEEEA-5DE2-4B3F-BE80-0416A080D5D7}"
EndProject
Project("{9A19103F-16F7-4668-BE54-9A1E7A4F7556}") = "ApiGateway", "ApiGateway\ApiGateway.csproj", "{80737821-F0C3-4603-8AD5-2682037D395B}"
EndProject
Project("{9A19103F-16F7-4668-BE54-9A1E7A4F7556}") = "StatsMicroservice", "StatsMicroservice\StatsMicroservice.csproj", "{10040D7D-9F43-4224-BA2E-164E473C8D07}"
EndProject
Project("{FAE04EC0-301F-11D3-BF4B-00C04F79EFBC}") = "TransferEntities", "TransferEntities\TransferEntities.csproj", "{003CDD86-D5D2-4AA2-BEFB-40FF817F1992}"
EndProject
Global
	GlobalSection(SolutionConfigurationPlatforms) = preSolution
		Debug|Any CPU = Debug|Any CPU
		Release|Any CPU = Release|Any CPU
	EndGlobalSection
	GlobalSection(ProjectConfigurationPlatforms) = postSolution
		{62F7960E-8F73-40C8-A5A1-717C43A48222}.Debug|Any CPU.ActiveCfg = Debug|Any CPU
		{62F7960E-8F73-40C8-A5A1-717C43A48222}.Debug|Any CPU.Build.0 = Debug|Any CPU
		{62F7960E-8F73-40C8-A5A1-717C43A48222}.Release|Any CPU.ActiveCfg = Release|Any CPU
		{62F7960E-8F73-40C8-A5A1-717C43A48222}.Release|Any CPU.Build.0 = Release|Any CPU
		{C90AEEEA-5DE2-4B3F-BE80-0416A080D5D7}.Debug|Any CPU.ActiveCfg = Debug|Any CPU
		{C90AEEEA-5DE2-4B3F-BE80-0416A080D5D7}.Debug|Any CPU.Build.0 = Debug|Any CPU
		{C90AEEEA-5DE2-4B3F-BE80-0416A080D5D7}.Release|Any CPU.ActiveCfg = Release|Any CPU
		{C90AEEEA-5DE2-4B3F-BE80-0416A080D5D7}.Release|Any CPU.Build.0 = Release|Any CPU
		{80737821-F0C3-4603-8AD5-2682037D395B}.Debug|Any CPU.ActiveCfg = Debug|Any CPU
		{80737821-F0C3-4603-8AD5-2682037D395B}.Debug|Any CPU.Build.0 = Debug|Any CPU
		{80737821-F0C3-4603-8AD5-2682037D395B}.Release|Any CPU.ActiveCfg = Release|Any CPU
		{80737821-F0C3-4603-8AD5-2682037D395B}.Release|Any CPU.Build.0 = Release|Any CPU
		{10040D7D-9F43-4224-BA2E-164E473C8D07}.Debug|Any CPU.ActiveCfg = Debug|Any CPU
		{10040D7D-9F43-4224-BA2E-164E473C8D07}.Debug|Any CPU.Build.0 = Debug|Any CPU
		{10040D7D-9F43-4224-BA2E-164E473C8D07}.Release|Any CPU.ActiveCfg = Release|Any CPU
		{10040D7D-9F43-4224-BA2E-164E473C8D07}.Release|Any CPU.Build.0 = Release|Any CPU
		{003CDD86-D5D2-4AA2-BEFB-40FF817F1992}.Debug|Any CPU.ActiveCfg = Debug|Any CPU
		{003CDD86-D5D2-4AA2-BEFB-40FF817F1992}.Debug|Any CPU.Build.0 = Debug|Any CPU
		{003CDD86-D5D2-4AA2-BEFB-40FF817F1992}.Release|Any CPU.ActiveCfg = Release|Any CPU
		{003CDD86-D5D2-4AA2-BEFB-40FF817F1992}.Release|Any CPU.Build.0 = Release|Any CPU
	EndGlobalSection
	GlobalSection(SolutionProperties) = preSolution
		HideSolutionNode = FALSE
	EndGlobalSection
	GlobalSection(ExtensibilityGlobals) = postSolution
		SolutionGuid = {0121687A-571A-4704-A754-E7C969FEBF4F}
	EndGlobalSection
EndGlobal
