
Microsoft Visual Studio Solution File, Format Version 12.00
# Visual Studio Version 16
VisualStudioVersion = 16.0.31025.194
MinimumVisualStudioVersion = 10.0.40219.1
Project("{9A19103F-16F7-4668-BE54-9A1E7A4F7556}") = "CampaignMicroservice", "CampaignMicroservice\CampaignMicroservice.csproj", "{FCCD8562-0E07-4B58-A3B9-36E819E0AAE2}"
EndProject
Project("{9A19103F-16F7-4668-BE54-9A1E7A4F7556}") = "Domain", "Domain\Domain.csproj", "{8A029DDE-33E4-4A72-832D-C63E30C77D2B}"
EndProject
Project("{9A19103F-16F7-4668-BE54-9A1E7A4F7556}") = "EmailMicroservice", "EmailMicroservice\EmailMicroservice.csproj", "{21106937-6EAD-4EDE-949C-954B8E894F13}"
EndProject
Project("{FAE04EC0-301F-11D3-BF4B-00C04F79EFBC}") = "LoggingMicroservice", "LoggingMicroservice\LoggingMicroservice.csproj", "{BE2ABDF6-FBA4-42A5-AC7F-7C879E199F68}"
EndProject
Global
	GlobalSection(SolutionConfigurationPlatforms) = preSolution
		Debug|Any CPU = Debug|Any CPU
		Release|Any CPU = Release|Any CPU
	EndGlobalSection
	GlobalSection(ProjectConfigurationPlatforms) = postSolution
		{FCCD8562-0E07-4B58-A3B9-36E819E0AAE2}.Debug|Any CPU.ActiveCfg = Debug|Any CPU
		{FCCD8562-0E07-4B58-A3B9-36E819E0AAE2}.Debug|Any CPU.Build.0 = Debug|Any CPU
		{FCCD8562-0E07-4B58-A3B9-36E819E0AAE2}.Release|Any CPU.ActiveCfg = Release|Any CPU
		{FCCD8562-0E07-4B58-A3B9-36E819E0AAE2}.Release|Any CPU.Build.0 = Release|Any CPU
		{8A029DDE-33E4-4A72-832D-C63E30C77D2B}.Debug|Any CPU.ActiveCfg = Debug|Any CPU
		{8A029DDE-33E4-4A72-832D-C63E30C77D2B}.Debug|Any CPU.Build.0 = Debug|Any CPU
		{8A029DDE-33E4-4A72-832D-C63E30C77D2B}.Release|Any CPU.ActiveCfg = Release|Any CPU
		{8A029DDE-33E4-4A72-832D-C63E30C77D2B}.Release|Any CPU.Build.0 = Release|Any CPU
		{21106937-6EAD-4EDE-949C-954B8E894F13}.Debug|Any CPU.ActiveCfg = Debug|Any CPU
		{21106937-6EAD-4EDE-949C-954B8E894F13}.Debug|Any CPU.Build.0 = Debug|Any CPU
		{21106937-6EAD-4EDE-949C-954B8E894F13}.Release|Any CPU.ActiveCfg = Release|Any CPU
		{21106937-6EAD-4EDE-949C-954B8E894F13}.Release|Any CPU.Build.0 = Release|Any CPU
		{BE2ABDF6-FBA4-42A5-AC7F-7C879E199F68}.Debug|Any CPU.ActiveCfg = Debug|Any CPU
		{BE2ABDF6-FBA4-42A5-AC7F-7C879E199F68}.Debug|Any CPU.Build.0 = Debug|Any CPU
		{BE2ABDF6-FBA4-42A5-AC7F-7C879E199F68}.Release|Any CPU.ActiveCfg = Release|Any CPU
		{BE2ABDF6-FBA4-42A5-AC7F-7C879E199F68}.Release|Any CPU.Build.0 = Release|Any CPU
	EndGlobalSection
	GlobalSection(SolutionProperties) = preSolution
		HideSolutionNode = FALSE
	EndGlobalSection
	GlobalSection(ExtensibilityGlobals) = postSolution
		SolutionGuid = {63DC8819-3CD7-46F1-9FAE-2E6462518FB3}
	EndGlobalSection
EndGlobal
