
Microsoft Visual Studio Solution File, Format Version 12.00
# Visual Studio Version 16
VisualStudioVersion = 16.0.31025.194
MinimumVisualStudioVersion = 10.0.40219.1
Project("{FAE04EC0-301F-11D3-BF4B-00C04F79EFBC}") = "Generics", "Generics\Generics.csproj", "{811F910B-86EC-4F0C-833E-C1BA4DC0E331}"
EndProject
Global
	GlobalSection(SolutionConfigurationPlatforms) = preSolution
		Debug|Any CPU = Debug|Any CPU
		Release|Any CPU = Release|Any CPU
	EndGlobalSection
	GlobalSection(ProjectConfigurationPlatforms) = postSolution
		{811F910B-86EC-4F0C-833E-C1BA4DC0E331}.Debug|Any CPU.ActiveCfg = Debug|Any CPU
		{811F910B-86EC-4F0C-833E-C1BA4DC0E331}.Debug|Any CPU.Build.0 = Debug|Any CPU
		{811F910B-86EC-4F0C-833E-C1BA4DC0E331}.Release|Any CPU.ActiveCfg = Release|Any CPU
		{811F910B-86EC-4F0C-833E-C1BA4DC0E331}.Release|Any CPU.Build.0 = Release|Any CPU
	EndGlobalSection
	GlobalSection(SolutionProperties) = preSolution
		HideSolutionNode = FALSE
	EndGlobalSection
	GlobalSection(ExtensibilityGlobals) = postSolution
		SolutionGuid = {92FB8ACA-FD51-4572-AD22-F63018AFC91E}
	EndGlobalSection
EndGlobal
