
Microsoft Visual Studio Solution File, Format Version 12.00
# Visual Studio Version 16
VisualStudioVersion = 16.0.31025.194
MinimumVisualStudioVersion = 10.0.40219.1
Project("{FAE04EC0-301F-11D3-BF4B-00C04F79EFBC}") = "NullValues", "NullValues\NullValues.csproj", "{1D9807A0-1B98-46C2-BA83-16D8CC3949A5}"
EndProject
Global
	GlobalSection(SolutionConfigurationPlatforms) = preSolution
		Debug|Any CPU = Debug|Any CPU
		Release|Any CPU = Release|Any CPU
	EndGlobalSection
	GlobalSection(ProjectConfigurationPlatforms) = postSolution
		{1D9807A0-1B98-46C2-BA83-16D8CC3949A5}.Debug|Any CPU.ActiveCfg = Debug|Any CPU
		{1D9807A0-1B98-46C2-BA83-16D8CC3949A5}.Debug|Any CPU.Build.0 = Debug|Any CPU
		{1D9807A0-1B98-46C2-BA83-16D8CC3949A5}.Release|Any CPU.ActiveCfg = Release|Any CPU
		{1D9807A0-1B98-46C2-BA83-16D8CC3949A5}.Release|Any CPU.Build.0 = Release|Any CPU
	EndGlobalSection
	GlobalSection(SolutionProperties) = preSolution
		HideSolutionNode = FALSE
	EndGlobalSection
	GlobalSection(ExtensibilityGlobals) = postSolution
		SolutionGuid = {5AA05F1F-77EE-4107-8E9B-DA5661059113}
	EndGlobalSection
EndGlobal
